
Microsoft Visual Studio Solution File, Format Version 12.00
# Visual Studio Version 16
VisualStudioVersion = 16.0.30503.244
MinimumVisualStudioVersion = 10.0.40219.1
Project("{8BC9CEB8-8B4A-11D0-8D11-00A0C91BC942}") = "ch03", "ch03\ch03.vcxproj", "{7B6B06E1-5D5C-4336-AD9D-2883A96279F4}"
EndProject
Project("{8BC9CEB8-8B4A-11D0-8D11-00A0C91BC942}") = "ch02", "ch02\Project1.vcxproj", "{F8F42563-5B6D-4A50-8A94-C3B9BC223332}"
EndProject
Project("{8BC9CEB8-8B4A-11D0-8D11-00A0C91BC942}") = "ch04", "ch04\ch04.vcxproj", "{653CBC78-91A6-4ED5-8688-3BEAF70D2182}"
EndProject
Project("{8BC9CEB8-8B4A-11D0-8D11-00A0C91BC942}") = "ch05", "ch05\ch05.vcxproj", "{2C47097A-5C73-49F5-8F24-E29D72B117CA}"
EndProject
Project("{8BC9CEB8-8B4A-11D0-8D11-00A0C91BC942}") = "ch06", "ch06\ch06.vcxproj", "{09D3DDC1-B7D3-4472-87E5-A3377F582164}"
EndProject
Global
	GlobalSection(SolutionConfigurationPlatforms) = preSolution
		Debug|x64 = Debug|x64
		Debug|x86 = Debug|x86
		Release|x64 = Release|x64
		Release|x86 = Release|x86
	EndGlobalSection
	GlobalSection(ProjectConfigurationPlatforms) = postSolution
		{7B6B06E1-5D5C-4336-AD9D-2883A96279F4}.Debug|x64.ActiveCfg = Debug|x64
		{7B6B06E1-5D5C-4336-AD9D-2883A96279F4}.Debug|x64.Build.0 = Debug|x64
		{7B6B06E1-5D5C-4336-AD9D-2883A96279F4}.Debug|x86.ActiveCfg = Debug|Win32
		{7B6B06E1-5D5C-4336-AD9D-2883A96279F4}.Debug|x86.Build.0 = Debug|Win32
		{7B6B06E1-5D5C-4336-AD9D-2883A96279F4}.Release|x64.ActiveCfg = Release|x64
		{7B6B06E1-5D5C-4336-AD9D-2883A96279F4}.Release|x64.Build.0 = Release|x64
		{7B6B06E1-5D5C-4336-AD9D-2883A96279F4}.Release|x86.ActiveCfg = Release|Win32
		{7B6B06E1-5D5C-4336-AD9D-2883A96279F4}.Release|x86.Build.0 = Release|Win32
		{F8F42563-5B6D-4A50-8A94-C3B9BC223332}.Debug|x64.ActiveCfg = Debug|x64
		{F8F42563-5B6D-4A50-8A94-C3B9BC223332}.Debug|x64.Build.0 = Debug|x64
		{F8F42563-5B6D-4A50-8A94-C3B9BC223332}.Debug|x86.ActiveCfg = Debug|Win32
		{F8F42563-5B6D-4A50-8A94-C3B9BC223332}.Debug|x86.Build.0 = Debug|Win32
		{F8F42563-5B6D-4A50-8A94-C3B9BC223332}.Release|x64.ActiveCfg = Release|x64
		{F8F42563-5B6D-4A50-8A94-C3B9BC223332}.Release|x64.Build.0 = Release|x64
		{F8F42563-5B6D-4A50-8A94-C3B9BC223332}.Release|x86.ActiveCfg = Release|Win32
		{F8F42563-5B6D-4A50-8A94-C3B9BC223332}.Release|x86.Build.0 = Release|Win32
		{653CBC78-91A6-4ED5-8688-3BEAF70D2182}.Debug|x64.ActiveCfg = Debug|x64
		{653CBC78-91A6-4ED5-8688-3BEAF70D2182}.Debug|x64.Build.0 = Debug|x64
		{653CBC78-91A6-4ED5-8688-3BEAF70D2182}.Debug|x86.ActiveCfg = Debug|Win32
		{653CBC78-91A6-4ED5-8688-3BEAF70D2182}.Debug|x86.Build.0 = Debug|Win32
		{653CBC78-91A6-4ED5-8688-3BEAF70D2182}.Release|x64.ActiveCfg = Release|x64
		{653CBC78-91A6-4ED5-8688-3BEAF70D2182}.Release|x64.Build.0 = Release|x64
		{653CBC78-91A6-4ED5-8688-3BEAF70D2182}.Release|x86.ActiveCfg = Release|Win32
		{653CBC78-91A6-4ED5-8688-3BEAF70D2182}.Release|x86.Build.0 = Release|Win32
		{2C47097A-5C73-49F5-8F24-E29D72B117CA}.Debug|x64.ActiveCfg = Debug|x64
		{2C47097A-5C73-49F5-8F24-E29D72B117CA}.Debug|x64.Build.0 = Debug|x64
		{2C47097A-5C73-49F5-8F24-E29D72B117CA}.Debug|x86.ActiveCfg = Debug|Win32
		{2C47097A-5C73-49F5-8F24-E29D72B117CA}.Debug|x86.Build.0 = Debug|Win32
		{2C47097A-5C73-49F5-8F24-E29D72B117CA}.Release|x64.ActiveCfg = Release|x64
		{2C47097A-5C73-49F5-8F24-E29D72B117CA}.Release|x64.Build.0 = Release|x64
		{2C47097A-5C73-49F5-8F24-E29D72B117CA}.Release|x86.ActiveCfg = Release|Win32
		{2C47097A-5C73-49F5-8F24-E29D72B117CA}.Release|x86.Build.0 = Release|Win32
		{09D3DDC1-B7D3-4472-87E5-A3377F582164}.Debug|x64.ActiveCfg = Debug|x64
		{09D3DDC1-B7D3-4472-87E5-A3377F582164}.Debug|x64.Build.0 = Debug|x64
		{09D3DDC1-B7D3-4472-87E5-A3377F582164}.Debug|x86.ActiveCfg = Debug|Win32
		{09D3DDC1-B7D3-4472-87E5-A3377F582164}.Debug|x86.Build.0 = Debug|Win32
		{09D3DDC1-B7D3-4472-87E5-A3377F582164}.Release|x64.ActiveCfg = Release|x64
		{09D3DDC1-B7D3-4472-87E5-A3377F582164}.Release|x64.Build.0 = Release|x64
		{09D3DDC1-B7D3-4472-87E5-A3377F582164}.Release|x86.ActiveCfg = Release|Win32
		{09D3DDC1-B7D3-4472-87E5-A3377F582164}.Release|x86.Build.0 = Release|Win32
	EndGlobalSection
	GlobalSection(SolutionProperties) = preSolution
		HideSolutionNode = FALSE
	EndGlobalSection
	GlobalSection(ExtensibilityGlobals) = postSolution
		SolutionGuid = {032E4792-4EDC-4173-B8C8-29C594850612}
	EndGlobalSection
EndGlobal
